
Microsoft Visual Studio Solution File, Format Version 12.00
# Visual Studio Version 17
VisualStudioVersion = 17.5.33103.201
MinimumVisualStudioVersion = 10.0.40219.1
Project("{9A19103F-16F7-4668-BE54-9A1E7A4F7556}") = "Toolbox", "Toolbox\Toolbox.csproj", "{38CC55A4-806D-4F64-AB2B-86A6BBB3AB5B}"
EndProject
Global
	GlobalSection(SolutionConfigurationPlatforms) = preSolution
		Debug|Any CPU = Debug|Any CPU
		Release|Any CPU = Release|Any CPU
	EndGlobalSection
	GlobalSection(ProjectConfigurationPlatforms) = postSolution
		{38CC55A4-806D-4F64-AB2B-86A6BBB3AB5B}.Debug|Any CPU.ActiveCfg = Debug|Any CPU
		{38CC55A4-806D-4F64-AB2B-86A6BBB3AB5B}.Debug|Any CPU.Build.0 = Debug|Any CPU
		{38CC55A4-806D-4F64-AB2B-86A6BBB3AB5B}.Release|Any CPU.ActiveCfg = Release|Any CPU
		{38CC55A4-806D-4F64-AB2B-86A6BBB3AB5B}.Release|Any CPU.Build.0 = Release|Any CPU
	EndGlobalSection
	GlobalSection(SolutionProperties) = preSolution
		HideSolutionNode = FALSE
	EndGlobalSection
	GlobalSection(ExtensibilityGlobals) = postSolution
		SolutionGuid = {7C3887B7-D3FA-403D-82B9-E351ADE4B420}
	EndGlobalSection
EndGlobal
